
Microsoft Visual Studio Solution File, Format Version 12.00
# Visual Studio Version 17
VisualStudioVersion = 17.4.33122.133
MinimumVisualStudioVersion = 10.0.40219.1
Project("{9A19103F-16F7-4668-BE54-9A1E7A4F7556}") = "DemoNetcore", "DemoNetcore.csproj", "{EB56A1FC-EC9A-4A6E-A2B5-6F38EFE37FDF}"
EndProject
Global
	GlobalSection(SolutionConfigurationPlatforms) = preSolution
		Debug|Any CPU = Debug|Any CPU
		Release|Any CPU = Release|Any CPU
	EndGlobalSection
	GlobalSection(ProjectConfigurationPlatforms) = postSolution
		{EB56A1FC-EC9A-4A6E-A2B5-6F38EFE37FDF}.Debug|Any CPU.ActiveCfg = Debug|Any CPU
		{EB56A1FC-EC9A-4A6E-A2B5-6F38EFE37FDF}.Debug|Any CPU.Build.0 = Debug|Any CPU
		{EB56A1FC-EC9A-4A6E-A2B5-6F38EFE37FDF}.Release|Any CPU.ActiveCfg = Release|Any CPU
		{EB56A1FC-EC9A-4A6E-A2B5-6F38EFE37FDF}.Release|Any CPU.Build.0 = Release|Any CPU
	EndGlobalSection
	GlobalSection(SolutionProperties) = preSolution
		HideSolutionNode = FALSE
	EndGlobalSection
	GlobalSection(ExtensibilityGlobals) = postSolution
		SolutionGuid = {D54874E4-F51B-4B19-9515-6B1249AA3A2E}
	EndGlobalSection
EndGlobal
